
Microsoft Visual Studio Solution File, Format Version 9.00
# Visual Studio 2005
Project("{8BC9CEB8-8B4A-11D0-8D11-00A0C91BC942}") = "Sobel60RightAngle", "Sobel60RightAngle.vcproj", "{9DDFE0D9-99B3-40D1-B3AD-39DFCE906BA5}"
EndProject
Global
	GlobalSection(SolutionConfigurationPlatforms) = preSolution
		Debug|Win32 = Debug|Win32
		Release|Win32 = Release|Win32
	EndGlobalSection
	GlobalSection(ProjectConfigurationPlatforms) = postSolution
		{9DDFE0D9-99B3-40D1-B3AD-39DFCE906BA5}.Debug|Win32.ActiveCfg = Debug|Win32
		{9DDFE0D9-99B3-40D1-B3AD-39DFCE906BA5}.Debug|Win32.Build.0 = Debug|Win32
		{9DDFE0D9-99B3-40D1-B3AD-39DFCE906BA5}.Release|Win32.ActiveCfg = Release|Win32
		{9DDFE0D9-99B3-40D1-B3AD-39DFCE906BA5}.Release|Win32.Build.0 = Release|Win32
	EndGlobalSection
	GlobalSection(SolutionProperties) = preSolution
		HideSolutionNode = FALSE
	EndGlobalSection
EndGlobal
