
Microsoft Visual Studio Solution File, Format Version 9.00
# Visual Studio 2005
Project("{8BC9CEB8-8B4A-11D0-8D11-00A0C91BC942}") = "HistogramCalculateUint8", "HistogramCalculateUint8.vcproj", "{E497CCE5-D998-4570-A927-AD4712A6008B}"
EndProject
Global
	GlobalSection(SolutionConfigurationPlatforms) = preSolution
		Debug|Win32 = Debug|Win32
		Release|Win32 = Release|Win32
	EndGlobalSection
	GlobalSection(ProjectConfigurationPlatforms) = postSolution
		{E497CCE5-D998-4570-A927-AD4712A6008B}.Debug|Win32.ActiveCfg = Debug|Win32
		{E497CCE5-D998-4570-A927-AD4712A6008B}.Debug|Win32.Build.0 = Debug|Win32
		{E497CCE5-D998-4570-A927-AD4712A6008B}.Release|Win32.ActiveCfg = Release|Win32
		{E497CCE5-D998-4570-A927-AD4712A6008B}.Release|Win32.Build.0 = Release|Win32
	EndGlobalSection
	GlobalSection(SolutionProperties) = preSolution
		HideSolutionNode = FALSE
	EndGlobalSection
EndGlobal
